
Microsoft Visual Studio Solution File, Format Version 12.00
# Visual Studio Version 17
VisualStudioVersion = 17.11.35303.130
MinimumVisualStudioVersion = 10.0.40219.1
Project("{FAE04EC0-301F-11D3-BF4B-00C04F79EFBC}") = "ZothrasYtobias60", "ZothrasYtobias60\ZothrasYtobias60.csproj", "{B67EFF41-E2F3-4B4A-A497-DA00AA4D67D3}"
EndProject
Global
	GlobalSection(SolutionConfigurationPlatforms) = preSolution
		Debug|Any CPU = Debug|Any CPU
		Release|Any CPU = Release|Any CPU
	EndGlobalSection
	GlobalSection(ProjectConfigurationPlatforms) = postSolution
		{B67EFF41-E2F3-4B4A-A497-DA00AA4D67D3}.Debug|Any CPU.ActiveCfg = Debug|Any CPU
		{B67EFF41-E2F3-4B4A-A497-DA00AA4D67D3}.Debug|Any CPU.Build.0 = Debug|Any CPU
		{B67EFF41-E2F3-4B4A-A497-DA00AA4D67D3}.Release|Any CPU.ActiveCfg = Release|Any CPU
		{B67EFF41-E2F3-4B4A-A497-DA00AA4D67D3}.Release|Any CPU.Build.0 = Release|Any CPU
	EndGlobalSection
	GlobalSection(SolutionProperties) = preSolution
		HideSolutionNode = FALSE
	EndGlobalSection
	GlobalSection(ExtensibilityGlobals) = postSolution
		SolutionGuid = {C94B8F3A-8E11-4D02-9DA3-83BC718F1FD2}
	EndGlobalSection
EndGlobal
